
Microsoft Visual Studio Solution File, Format Version 12.00
# Visual Studio Version 17
VisualStudioVersion = 17.5.33516.290
MinimumVisualStudioVersion = 10.0.40219.1
Project("{FAE04EC0-301F-11D3-BF4B-00C04F79EFBC}") = "ButtonEffects", "ButtonEffects\ButtonEffects.csproj", "{0324804A-9D18-4D05-87BB-998DC5FD068E}"
EndProject
Global
	GlobalSection(SolutionConfigurationPlatforms) = preSolution
		Debug|Any CPU = Debug|Any CPU
		Release|Any CPU = Release|Any CPU
	EndGlobalSection
	GlobalSection(ProjectConfigurationPlatforms) = postSolution
		{0324804A-9D18-4D05-87BB-998DC5FD068E}.Debug|Any CPU.ActiveCfg = Debug|Any CPU
		{0324804A-9D18-4D05-87BB-998DC5FD068E}.Debug|Any CPU.Build.0 = Debug|Any CPU
		{0324804A-9D18-4D05-87BB-998DC5FD068E}.Release|Any CPU.ActiveCfg = Release|Any CPU
		{0324804A-9D18-4D05-87BB-998DC5FD068E}.Release|Any CPU.Build.0 = Release|Any CPU
	EndGlobalSection
	GlobalSection(SolutionProperties) = preSolution
		HideSolutionNode = FALSE
	EndGlobalSection
	GlobalSection(ExtensibilityGlobals) = postSolution
		SolutionGuid = {33E483C7-6ABC-4C53-B806-DFD1E5BAE12D}
	EndGlobalSection
EndGlobal
